
Microsoft Visual Studio Solution File, Format Version 12.00
# Visual Studio Version 18
VisualStudioVersion = 18.4.11513.90
MinimumVisualStudioVersion = 10.0.40219.1
Project("{FAE04EC0-301F-11D3-BF4B-00C04F79EFBC}") = "AgentCore", "AgentCore\AgentCore.csproj", "{5A011AC0-7AB0-4559-A7D2-44CD2356BAEA}"
EndProject
Project("{2150E333-8FDC-42A3-9474-1A3956D46DE8}") = "Solution Items", "Solution Items", "{8EC462FD-D22E-90A8-E5CE-7E832BA40C5D}"
	ProjectSection(SolutionItems) = preProject
		Notes.txt = Notes.txt
	EndProjectSection
EndProject
Project("{FAE04EC0-301F-11D3-BF4B-00C04F79EFBC}") = "AgentCore.Tests", "AgentCore.Tests\AgentCore.Tests.csproj", "{A374013F-9DDD-490B-8A20-0BEFAC7E83A9}"
EndProject
Project("{FAE04EC0-301F-11D3-BF4B-00C04F79EFBC}") = "AgentCore.Host", "AgentCore.Host\AgentCore.Host.csproj", "{F3145E45-EB5B-6852-8D08-94047D8BA459}"
EndProject
Project("{FAE04EC0-301F-11D3-BF4B-00C04F79EFBC}") = "CodeSharp.Tests", "CodeSharp.Tests\CodeSharp.Tests.csproj", "{5A5EE429-2BDE-435A-A3AF-F7E1E052DB38}"
EndProject
Project("{FAE04EC0-301F-11D3-BF4B-00C04F79EFBC}") = "AgentCore.Layers", "AgentCore.Layers\AgentCore.Layers.csproj", "{57BBF322-1F3C-4B01-A0B7-C89A14505E88}"
EndProject
Project("{FAE04EC0-301F-11D3-BF4B-00C04F79EFBC}") = "AgentCore.LLM.Tornado", "AgentCore.LLM.Tornado\AgentCore.LLM.Tornado.csproj", "{B3447DDD-2083-4558-9C4D-62B3E6C2DB2E}"
EndProject
Project("{FAE04EC0-301F-11D3-BF4B-00C04F79EFBC}") = "VisualStudioAgent", "VisualStudioAgent\VisualStudioAgent.csproj", "{1AF837F2-8204-4A99-9528-E07863607F04}"
EndProject
Project("{FAE04EC0-301F-11D3-BF4B-00C04F79EFBC}") = "AgentCore.LLM.TensorSharp", "AgentCore.LLM.TensorSharp\AgentCore.LLM.TensorSharp.csproj", "{0051F6A7-E1B0-4426-9FE9-81BF769AEDB5}"
EndProject
Project("{FAE04EC0-301F-11D3-BF4B-00C04F79EFBC}") = "AgentCore.MCP", "AgentCore.MCP\AgentCore.MCP.csproj", "{6B8F42FB-05B5-462C-93D6-563F3BF14CDB}"
EndProject
Project("{2150E333-8FDC-42A3-9474-1A3956D46DE8}") = "extern", "extern", "{8C8C186C-83DC-ECBC-707A-D920EEBF6757}"
EndProject
Project("{2150E333-8FDC-42A3-9474-1A3956D46DE8}") = "TensorSharp", "TensorSharp", "{45AF454B-4F1A-89EC-CF44-50490DC17515}"
EndProject
Project("{FAE04EC0-301F-11D3-BF4B-00C04F79EFBC}") = "TensorSharp.Core", "extern\TensorSharp\TensorSharp.Core\TensorSharp.Core.csproj", "{053EC9A0-73D0-44A1-8BFD-6FF9B33FF4E3}"
EndProject
Project("{FAE04EC0-301F-11D3-BF4B-00C04F79EFBC}") = "AdvUtils", "extern\TensorSharp\AdvUtils\AdvUtils.csproj", "{C53EBD27-A9BF-4510-BB6A-7CB11010E30F}"
EndProject
Project("{FAE04EC0-301F-11D3-BF4B-00C04F79EFBC}") = "TensorSharp.Runtime", "extern\TensorSharp\TensorSharp.Runtime\TensorSharp.Runtime.csproj", "{AE02D7C1-A629-402B-8298-4BA780481607}"
EndProject
Project("{FAE04EC0-301F-11D3-BF4B-00C04F79EFBC}") = "TensorSharp.Models", "extern\TensorSharp\TensorSharp.Models\TensorSharp.Models.csproj", "{20FA6242-00C2-4880-89F7-71465070A827}"
EndProject
Project("{FAE04EC0-301F-11D3-BF4B-00C04F79EFBC}") = "TensorSharp.Backends.GGML", "extern\TensorSharp\TensorSharp.Backends.GGML\TensorSharp.Backends.GGML.csproj", "{25B79587-CA81-41F4-B27A-04A4372E1B18}"
EndProject
Project("{FAE04EC0-301F-11D3-BF4B-00C04F79EFBC}") = "TensorSharp.Backends.Cuda", "extern\TensorSharp\TensorSharp.Backends.Cuda\TensorSharp.Backends.Cuda.csproj", "{199FBCF8-CE01-473C-BE71-8B7D880B5674}"
EndProject
Project("{FAE04EC0-301F-11D3-BF4B-00C04F79EFBC}") = "TensorSharp.Backends.MLX", "extern\TensorSharp\TensorSharp.Backends.MLX\TensorSharp.Backends.MLX.csproj", "{DD9CF063-E142-41F7-9877-A81241BB5D19}"
EndProject
Project("{FAE04EC0-301F-11D3-BF4B-00C04F79EFBC}") = "AgentCore.MultiAgent", "AgentCore.MultiAgent\AgentCore.MultiAgent.csproj", "{E8615407-C361-47A7-A4D2-4ED8209A728E}"
EndProject
Global
	GlobalSection(SolutionConfigurationPlatforms) = preSolution
		Debug|Any CPU = Debug|Any CPU
		Debug|x64 = Debug|x64
		Debug|x86 = Debug|x86
		Release|Any CPU = Release|Any CPU
		Release|x64 = Release|x64
		Release|x86 = Release|x86
	EndGlobalSection
	GlobalSection(ProjectConfigurationPlatforms) = postSolution
		{5A011AC0-7AB0-4559-A7D2-44CD2356BAEA}.Debug|Any CPU.ActiveCfg = Debug|Any CPU
		{5A011AC0-7AB0-4559-A7D2-44CD2356BAEA}.Debug|Any CPU.Build.0 = Debug|Any CPU
		{5A011AC0-7AB0-4559-A7D2-44CD2356BAEA}.Debug|x64.ActiveCfg = Debug|Any CPU
		{5A011AC0-7AB0-4559-A7D2-44CD2356BAEA}.Debug|x64.Build.0 = Debug|Any CPU
		{5A011AC0-7AB0-4559-A7D2-44CD2356BAEA}.Debug|x86.ActiveCfg = Debug|Any CPU
		{5A011AC0-7AB0-4559-A7D2-44CD2356BAEA}.Debug|x86.Build.0 = Debug|Any CPU
		{5A011AC0-7AB0-4559-A7D2-44CD2356BAEA}.Release|Any CPU.ActiveCfg = Release|Any CPU
		{5A011AC0-7AB0-4559-A7D2-44CD2356BAEA}.Release|Any CPU.Build.0 = Release|Any CPU
		{5A011AC0-7AB0-4559-A7D2-44CD2356BAEA}.Release|x64.ActiveCfg = Release|Any CPU
		{5A011AC0-7AB0-4559-A7D2-44CD2356BAEA}.Release|x64.Build.0 = Release|Any CPU
		{5A011AC0-7AB0-4559-A7D2-44CD2356BAEA}.Release|x86.ActiveCfg = Release|Any CPU
		{5A011AC0-7AB0-4559-A7D2-44CD2356BAEA}.Release|x86.Build.0 = Release|Any CPU
		{A374013F-9DDD-490B-8A20-0BEFAC7E83A9}.Debug|Any CPU.ActiveCfg = Debug|Any CPU
		{A374013F-9DDD-490B-8A20-0BEFAC7E83A9}.Debug|Any CPU.Build.0 = Debug|Any CPU
		{A374013F-9DDD-490B-8A20-0BEFAC7E83A9}.Debug|x64.ActiveCfg = Debug|Any CPU
		{A374013F-9DDD-490B-8A20-0BEFAC7E83A9}.Debug|x64.Build.0 = Debug|Any CPU
		{A374013F-9DDD-490B-8A20-0BEFAC7E83A9}.Debug|x86.ActiveCfg = Debug|Any CPU
		{A374013F-9DDD-490B-8A20-0BEFAC7E83A9}.Debug|x86.Build.0 = Debug|Any CPU
		{A374013F-9DDD-490B-8A20-0BEFAC7E83A9}.Release|Any CPU.ActiveCfg = Release|Any CPU
		{A374013F-9DDD-490B-8A20-0BEFAC7E83A9}.Release|Any CPU.Build.0 = Release|Any CPU
		{A374013F-9DDD-490B-8A20-0BEFAC7E83A9}.Release|x64.ActiveCfg = Release|Any CPU
		{A374013F-9DDD-490B-8A20-0BEFAC7E83A9}.Release|x64.Build.0 = Release|Any CPU
		{A374013F-9DDD-490B-8A20-0BEFAC7E83A9}.Release|x86.ActiveCfg = Release|Any CPU
		{A374013F-9DDD-490B-8A20-0BEFAC7E83A9}.Release|x86.Build.0 = Release|Any CPU
		{F3145E45-EB5B-6852-8D08-94047D8BA459}.Debug|Any CPU.ActiveCfg = Debug|Any CPU
		{F3145E45-EB5B-6852-8D08-94047D8BA459}.Debug|Any CPU.Build.0 = Debug|Any CPU
		{F3145E45-EB5B-6852-8D08-94047D8BA459}.Debug|x64.ActiveCfg = Debug|Any CPU
		{F3145E45-EB5B-6852-8D08-94047D8BA459}.Debug|x64.Build.0 = Debug|Any CPU
		{F3145E45-EB5B-6852-8D08-94047D8BA459}.Debug|x86.ActiveCfg = Debug|Any CPU
		{F3145E45-EB5B-6852-8D08-94047D8BA459}.Debug|x86.Build.0 = Debug|Any CPU
		{F3145E45-EB5B-6852-8D08-94047D8BA459}.Release|Any CPU.ActiveCfg = Release|Any CPU
		{F3145E45-EB5B-6852-8D08-94047D8BA459}.Release|Any CPU.Build.0 = Release|Any CPU
		{F3145E45-EB5B-6852-8D08-94047D8BA459}.Release|x64.ActiveCfg = Release|Any CPU
		{F3145E45-EB5B-6852-8D08-94047D8BA459}.Release|x64.Build.0 = Release|Any CPU
		{F3145E45-EB5B-6852-8D08-94047D8BA459}.Release|x86.ActiveCfg = Release|Any CPU
		{F3145E45-EB5B-6852-8D08-94047D8BA459}.Release|x86.Build.0 = Release|Any CPU
		{5A5EE429-2BDE-435A-A3AF-F7E1E052DB38}.Debug|Any CPU.ActiveCfg = Debug|Any CPU
		{5A5EE429-2BDE-435A-A3AF-F7E1E052DB38}.Debug|Any CPU.Build.0 = Debug|Any CPU
		{5A5EE429-2BDE-435A-A3AF-F7E1E052DB38}.Debug|x64.ActiveCfg = Debug|Any CPU
		{5A5EE429-2BDE-435A-A3AF-F7E1E052DB38}.Debug|x64.Build.0 = Debug|Any CPU
		{5A5EE429-2BDE-435A-A3AF-F7E1E052DB38}.Debug|x86.ActiveCfg = Debug|Any CPU
		{5A5EE429-2BDE-435A-A3AF-F7E1E052DB38}.Debug|x86.Build.0 = Debug|Any CPU
		{5A5EE429-2BDE-435A-A3AF-F7E1E052DB38}.Release|Any CPU.ActiveCfg = Release|Any CPU
		{5A5EE429-2BDE-435A-A3AF-F7E1E052DB38}.Release|Any CPU.Build.0 = Release|Any CPU
		{5A5EE429-2BDE-435A-A3AF-F7E1E052DB38}.Release|x64.ActiveCfg = Release|Any CPU
		{5A5EE429-2BDE-435A-A3AF-F7E1E052DB38}.Release|x64.Build.0 = Release|Any CPU
		{5A5EE429-2BDE-435A-A3AF-F7E1E052DB38}.Release|x86.ActiveCfg = Release|Any CPU
		{5A5EE429-2BDE-435A-A3AF-F7E1E052DB38}.Release|x86.Build.0 = Release|Any CPU
		{57BBF322-1F3C-4B01-A0B7-C89A14505E88}.Debug|Any CPU.ActiveCfg = Debug|Any CPU
		{57BBF322-1F3C-4B01-A0B7-C89A14505E88}.Debug|Any CPU.Build.0 = Debug|Any CPU
		{57BBF322-1F3C-4B01-A0B7-C89A14505E88}.Debug|x64.ActiveCfg = Debug|Any CPU
		{57BBF322-1F3C-4B01-A0B7-C89A14505E88}.Debug|x64.Build.0 = Debug|Any CPU
		{57BBF322-1F3C-4B01-A0B7-C89A14505E88}.Debug|x86.ActiveCfg = Debug|Any CPU
		{57BBF322-1F3C-4B01-A0B7-C89A14505E88}.Debug|x86.Build.0 = Debug|Any CPU
		{57BBF322-1F3C-4B01-A0B7-C89A14505E88}.Release|Any CPU.ActiveCfg = Release|Any CPU
		{57BBF322-1F3C-4B01-A0B7-C89A14505E88}.Release|Any CPU.Build.0 = Release|Any CPU
		{57BBF322-1F3C-4B01-A0B7-C89A14505E88}.Release|x64.ActiveCfg = Release|Any CPU
		{57BBF322-1F3C-4B01-A0B7-C89A14505E88}.Release|x64.Build.0 = Release|Any CPU
		{57BBF322-1F3C-4B01-A0B7-C89A14505E88}.Release|x86.ActiveCfg = Release|Any CPU
		{57BBF322-1F3C-4B01-A0B7-C89A14505E88}.Release|x86.Build.0 = Release|Any CPU
		{B3447DDD-2083-4558-9C4D-62B3E6C2DB2E}.Debug|Any CPU.ActiveCfg = Debug|Any CPU
		{B3447DDD-2083-4558-9C4D-62B3E6C2DB2E}.Debug|Any CPU.Build.0 = Debug|Any CPU
		{B3447DDD-2083-4558-9C4D-62B3E6C2DB2E}.Debug|x64.ActiveCfg = Debug|Any CPU
		{B3447DDD-2083-4558-9C4D-62B3E6C2DB2E}.Debug|x64.Build.0 = Debug|Any CPU
		{B3447DDD-2083-4558-9C4D-62B3E6C2DB2E}.Debug|x86.ActiveCfg = Debug|Any CPU
		{B3447DDD-2083-4558-9C4D-62B3E6C2DB2E}.Debug|x86.Build.0 = Debug|Any CPU
		{B3447DDD-2083-4558-9C4D-62B3E6C2DB2E}.Release|Any CPU.ActiveCfg = Release|Any CPU
		{B3447DDD-2083-4558-9C4D-62B3E6C2DB2E}.Release|Any CPU.Build.0 = Release|Any CPU
		{B3447DDD-2083-4558-9C4D-62B3E6C2DB2E}.Release|x64.ActiveCfg = Release|Any CPU
		{B3447DDD-2083-4558-9C4D-62B3E6C2DB2E}.Release|x64.Build.0 = Release|Any CPU
		{B3447DDD-2083-4558-9C4D-62B3E6C2DB2E}.Release|x86.ActiveCfg = Release|Any CPU
		{B3447DDD-2083-4558-9C4D-62B3E6C2DB2E}.Release|x86.Build.0 = Release|Any CPU
		{1AF837F2-8204-4A99-9528-E07863607F04}.Debug|Any CPU.ActiveCfg = Debug|Any CPU
		{1AF837F2-8204-4A99-9528-E07863607F04}.Debug|Any CPU.Build.0 = Debug|Any CPU
		{1AF837F2-8204-4A99-9528-E07863607F04}.Debug|Any CPU.Deploy.0 = Debug|Any CPU
		{1AF837F2-8204-4A99-9528-E07863607F04}.Debug|x64.ActiveCfg = Debug|Any CPU
		{1AF837F2-8204-4A99-9528-E07863607F04}.Debug|x64.Build.0 = Debug|Any CPU
		{1AF837F2-8204-4A99-9528-E07863607F04}.Debug|x86.ActiveCfg = Debug|Any CPU
		{1AF837F2-8204-4A99-9528-E07863607F04}.Debug|x86.Build.0 = Debug|Any CPU
		{1AF837F2-8204-4A99-9528-E07863607F04}.Release|Any CPU.ActiveCfg = Release|Any CPU
		{1AF837F2-8204-4A99-9528-E07863607F04}.Release|Any CPU.Build.0 = Release|Any CPU
		{1AF837F2-8204-4A99-9528-E07863607F04}.Release|x64.ActiveCfg = Release|Any CPU
		{1AF837F2-8204-4A99-9528-E07863607F04}.Release|x64.Build.0 = Release|Any CPU
		{1AF837F2-8204-4A99-9528-E07863607F04}.Release|x86.ActiveCfg = Release|Any CPU
		{1AF837F2-8204-4A99-9528-E07863607F04}.Release|x86.Build.0 = Release|Any CPU
		{0051F6A7-E1B0-4426-9FE9-81BF769AEDB5}.Debug|Any CPU.ActiveCfg = Debug|Any CPU
		{0051F6A7-E1B0-4426-9FE9-81BF769AEDB5}.Debug|Any CPU.Build.0 = Debug|Any CPU
		{0051F6A7-E1B0-4426-9FE9-81BF769AEDB5}.Debug|x64.ActiveCfg = Debug|Any CPU
		{0051F6A7-E1B0-4426-9FE9-81BF769AEDB5}.Debug|x64.Build.0 = Debug|Any CPU
		{0051F6A7-E1B0-4426-9FE9-81BF769AEDB5}.Debug|x86.ActiveCfg = Debug|Any CPU
		{0051F6A7-E1B0-4426-9FE9-81BF769AEDB5}.Debug|x86.Build.0 = Debug|Any CPU
		{0051F6A7-E1B0-4426-9FE9-81BF769AEDB5}.Release|Any CPU.ActiveCfg = Release|Any CPU
		{0051F6A7-E1B0-4426-9FE9-81BF769AEDB5}.Release|Any CPU.Build.0 = Release|Any CPU
		{0051F6A7-E1B0-4426-9FE9-81BF769AEDB5}.Release|x64.ActiveCfg = Release|Any CPU
		{0051F6A7-E1B0-4426-9FE9-81BF769AEDB5}.Release|x64.Build.0 = Release|Any CPU
		{0051F6A7-E1B0-4426-9FE9-81BF769AEDB5}.Release|x86.ActiveCfg = Release|Any CPU
		{0051F6A7-E1B0-4426-9FE9-81BF769AEDB5}.Release|x86.Build.0 = Release|Any CPU
		{6B8F42FB-05B5-462C-93D6-563F3BF14CDB}.Debug|Any CPU.ActiveCfg = Debug|Any CPU
		{6B8F42FB-05B5-462C-93D6-563F3BF14CDB}.Debug|Any CPU.Build.0 = Debug|Any CPU
		{6B8F42FB-05B5-462C-93D6-563F3BF14CDB}.Debug|x64.ActiveCfg = Debug|Any CPU
		{6B8F42FB-05B5-462C-93D6-563F3BF14CDB}.Debug|x64.Build.0 = Debug|Any CPU
		{6B8F42FB-05B5-462C-93D6-563F3BF14CDB}.Debug|x86.ActiveCfg = Debug|Any CPU
		{6B8F42FB-05B5-462C-93D6-563F3BF14CDB}.Debug|x86.Build.0 = Debug|Any CPU
		{6B8F42FB-05B5-462C-93D6-563F3BF14CDB}.Release|Any CPU.ActiveCfg = Release|Any CPU
		{6B8F42FB-05B5-462C-93D6-563F3BF14CDB}.Release|Any CPU.Build.0 = Release|Any CPU
		{6B8F42FB-05B5-462C-93D6-563F3BF14CDB}.Release|x64.ActiveCfg = Release|Any CPU
		{6B8F42FB-05B5-462C-93D6-563F3BF14CDB}.Release|x64.Build.0 = Release|Any CPU
		{6B8F42FB-05B5-462C-93D6-563F3BF14CDB}.Release|x86.ActiveCfg = Release|Any CPU
		{6B8F42FB-05B5-462C-93D6-563F3BF14CDB}.Release|x86.Build.0 = Release|Any CPU
		{053EC9A0-73D0-44A1-8BFD-6FF9B33FF4E3}.Debug|Any CPU.ActiveCfg = Debug|Any CPU
		{053EC9A0-73D0-44A1-8BFD-6FF9B33FF4E3}.Debug|Any CPU.Build.0 = Debug|Any CPU
		{053EC9A0-73D0-44A1-8BFD-6FF9B33FF4E3}.Debug|x64.ActiveCfg = Debug|Any CPU
		{053EC9A0-73D0-44A1-8BFD-6FF9B33FF4E3}.Debug|x64.Build.0 = Debug|Any CPU
		{053EC9A0-73D0-44A1-8BFD-6FF9B33FF4E3}.Debug|x86.ActiveCfg = Debug|Any CPU
		{053EC9A0-73D0-44A1-8BFD-6FF9B33FF4E3}.Debug|x86.Build.0 = Debug|Any CPU
		{053EC9A0-73D0-44A1-8BFD-6FF9B33FF4E3}.Release|Any CPU.ActiveCfg = Release|Any CPU
		{053EC9A0-73D0-44A1-8BFD-6FF9B33FF4E3}.Release|Any CPU.Build.0 = Release|Any CPU
		{053EC9A0-73D0-44A1-8BFD-6FF9B33FF4E3}.Release|x64.ActiveCfg = Release|Any CPU
		{053EC9A0-73D0-44A1-8BFD-6FF9B33FF4E3}.Release|x64.Build.0 = Release|Any CPU
		{053EC9A0-73D0-44A1-8BFD-6FF9B33FF4E3}.Release|x86.ActiveCfg = Release|Any CPU
		{053EC9A0-73D0-44A1-8BFD-6FF9B33FF4E3}.Release|x86.Build.0 = Release|Any CPU
		{C53EBD27-A9BF-4510-BB6A-7CB11010E30F}.Debug|Any CPU.ActiveCfg = Debug|Any CPU
		{C53EBD27-A9BF-4510-BB6A-7CB11010E30F}.Debug|Any CPU.Build.0 = Debug|Any CPU
		{C53EBD27-A9BF-4510-BB6A-7CB11010E30F}.Debug|x64.ActiveCfg = Debug|Any CPU
		{C53EBD27-A9BF-4510-BB6A-7CB11010E30F}.Debug|x64.Build.0 = Debug|Any CPU
		{C53EBD27-A9BF-4510-BB6A-7CB11010E30F}.Debug|x86.ActiveCfg = Debug|Any CPU
		{C53EBD27-A9BF-4510-BB6A-7CB11010E30F}.Debug|x86.Build.0 = Debug|Any CPU
		{C53EBD27-A9BF-4510-BB6A-7CB11010E30F}.Release|Any CPU.ActiveCfg = Release|Any CPU
		{C53EBD27-A9BF-4510-BB6A-7CB11010E30F}.Release|Any CPU.Build.0 = Release|Any CPU
		{C53EBD27-A9BF-4510-BB6A-7CB11010E30F}.Release|x64.ActiveCfg = Release|Any CPU
		{C53EBD27-A9BF-4510-BB6A-7CB11010E30F}.Release|x64.Build.0 = Release|Any CPU
		{C53EBD27-A9BF-4510-BB6A-7CB11010E30F}.Release|x86.ActiveCfg = Release|Any CPU
		{C53EBD27-A9BF-4510-BB6A-7CB11010E30F}.Release|x86.Build.0 = Release|Any CPU
		{AE02D7C1-A629-402B-8298-4BA780481607}.Debug|Any CPU.ActiveCfg = Debug|Any CPU
		{AE02D7C1-A629-402B-8298-4BA780481607}.Debug|Any CPU.Build.0 = Debug|Any CPU
		{AE02D7C1-A629-402B-8298-4BA780481607}.Debug|x64.ActiveCfg = Debug|Any CPU
		{AE02D7C1-A629-402B-8298-4BA780481607}.Debug|x64.Build.0 = Debug|Any CPU
		{AE02D7C1-A629-402B-8298-4BA780481607}.Debug|x86.ActiveCfg = Debug|Any CPU
		{AE02D7C1-A629-402B-8298-4BA780481607}.Debug|x86.Build.0 = Debug|Any CPU
		{AE02D7C1-A629-402B-8298-4BA780481607}.Release|Any CPU.ActiveCfg = Release|Any CPU
		{AE02D7C1-A629-402B-8298-4BA780481607}.Release|Any CPU.Build.0 = Release|Any CPU
		{AE02D7C1-A629-402B-8298-4BA780481607}.Release|x64.ActiveCfg = Release|Any CPU
		{AE02D7C1-A629-402B-8298-4BA780481607}.Release|x64.Build.0 = Release|Any CPU
		{AE02D7C1-A629-402B-8298-4BA780481607}.Release|x86.ActiveCfg = Release|Any CPU
		{AE02D7C1-A629-402B-8298-4BA780481607}.Release|x86.Build.0 = Release|Any CPU
		{20FA6242-00C2-4880-89F7-71465070A827}.Debug|Any CPU.ActiveCfg = Debug|Any CPU
		{20FA6242-00C2-4880-89F7-71465070A827}.Debug|Any CPU.Build.0 = Debug|Any CPU
		{20FA6242-00C2-4880-89F7-71465070A827}.Debug|x64.ActiveCfg = Debug|Any CPU
		{20FA6242-00C2-4880-89F7-71465070A827}.Debug|x64.Build.0 = Debug|Any CPU
		{20FA6242-00C2-4880-89F7-71465070A827}.Debug|x86.ActiveCfg = Debug|Any CPU
		{20FA6242-00C2-4880-89F7-71465070A827}.Debug|x86.Build.0 = Debug|Any CPU
		{20FA6242-00C2-4880-89F7-71465070A827}.Release|Any CPU.ActiveCfg = Release|Any CPU
		{20FA6242-00C2-4880-89F7-71465070A827}.Release|Any CPU.Build.0 = Release|Any CPU
		{20FA6242-00C2-4880-89F7-71465070A827}.Release|x64.ActiveCfg = Release|Any CPU
		{20FA6242-00C2-4880-89F7-71465070A827}.Release|x64.Build.0 = Release|Any CPU
		{20FA6242-00C2-4880-89F7-71465070A827}.Release|x86.ActiveCfg = Release|Any CPU
		{20FA6242-00C2-4880-89F7-71465070A827}.Release|x86.Build.0 = Release|Any CPU
		{25B79587-CA81-41F4-B27A-04A4372E1B18}.Debug|Any CPU.ActiveCfg = Debug|Any CPU
		{25B79587-CA81-41F4-B27A-04A4372E1B18}.Debug|Any CPU.Build.0 = Debug|Any CPU
		{25B79587-CA81-41F4-B27A-04A4372E1B18}.Debug|x64.ActiveCfg = Debug|Any CPU
		{25B79587-CA81-41F4-B27A-04A4372E1B18}.Debug|x64.Build.0 = Debug|Any CPU
		{25B79587-CA81-41F4-B27A-04A4372E1B18}.Debug|x86.ActiveCfg = Debug|Any CPU
		{25B79587-CA81-41F4-B27A-04A4372E1B18}.Debug|x86.Build.0 = Debug|Any CPU
		{25B79587-CA81-41F4-B27A-04A4372E1B18}.Release|Any CPU.ActiveCfg = Release|Any CPU
		{25B79587-CA81-41F4-B27A-04A4372E1B18}.Release|Any CPU.Build.0 = Release|Any CPU
		{25B79587-CA81-41F4-B27A-04A4372E1B18}.Release|x64.ActiveCfg = Release|Any CPU
		{25B79587-CA81-41F4-B27A-04A4372E1B18}.Release|x64.Build.0 = Release|Any CPU
		{25B79587-CA81-41F4-B27A-04A4372E1B18}.Release|x86.ActiveCfg = Release|Any CPU
		{25B79587-CA81-41F4-B27A-04A4372E1B18}.Release|x86.Build.0 = Release|Any CPU
		{199FBCF8-CE01-473C-BE71-8B7D880B5674}.Debug|Any CPU.ActiveCfg = Debug|Any CPU
		{199FBCF8-CE01-473C-BE71-8B7D880B5674}.Debug|Any CPU.Build.0 = Debug|Any CPU
		{199FBCF8-CE01-473C-BE71-8B7D880B5674}.Debug|x64.ActiveCfg = Debug|Any CPU
		{199FBCF8-CE01-473C-BE71-8B7D880B5674}.Debug|x64.Build.0 = Debug|Any CPU
		{199FBCF8-CE01-473C-BE71-8B7D880B5674}.Debug|x86.ActiveCfg = Debug|Any CPU
		{199FBCF8-CE01-473C-BE71-8B7D880B5674}.Debug|x86.Build.0 = Debug|Any CPU
		{199FBCF8-CE01-473C-BE71-8B7D880B5674}.Release|Any CPU.ActiveCfg = Release|Any CPU
		{199FBCF8-CE01-473C-BE71-8B7D880B5674}.Release|Any CPU.Build.0 = Release|Any CPU
		{199FBCF8-CE01-473C-BE71-8B7D880B5674}.Release|x64.ActiveCfg = Release|Any CPU
		{199FBCF8-CE01-473C-BE71-8B7D880B5674}.Release|x64.Build.0 = Release|Any CPU
		{199FBCF8-CE01-473C-BE71-8B7D880B5674}.Release|x86.ActiveCfg = Release|Any CPU
		{199FBCF8-CE01-473C-BE71-8B7D880B5674}.Release|x86.Build.0 = Release|Any CPU
		{DD9CF063-E142-41F7-9877-A81241BB5D19}.Debug|Any CPU.ActiveCfg = Debug|Any CPU
		{DD9CF063-E142-41F7-9877-A81241BB5D19}.Debug|Any CPU.Build.0 = Debug|Any CPU
		{DD9CF063-E142-41F7-9877-A81241BB5D19}.Debug|x64.ActiveCfg = Debug|Any CPU
		{DD9CF063-E142-41F7-9877-A81241BB5D19}.Debug|x64.Build.0 = Debug|Any CPU
		{DD9CF063-E142-41F7-9877-A81241BB5D19}.Debug|x86.ActiveCfg = Debug|Any CPU
		{DD9CF063-E142-41F7-9877-A81241BB5D19}.Debug|x86.Build.0 = Debug|Any CPU
		{DD9CF063-E142-41F7-9877-A81241BB5D19}.Release|Any CPU.ActiveCfg = Release|Any CPU
		{DD9CF063-E142-41F7-9877-A81241BB5D19}.Release|Any CPU.Build.0 = Release|Any CPU
		{DD9CF063-E142-41F7-9877-A81241BB5D19}.Release|x64.ActiveCfg = Release|Any CPU
		{DD9CF063-E142-41F7-9877-A81241BB5D19}.Release|x64.Build.0 = Release|Any CPU
		{DD9CF063-E142-41F7-9877-A81241BB5D19}.Release|x86.ActiveCfg = Release|Any CPU
		{DD9CF063-E142-41F7-9877-A81241BB5D19}.Release|x86.Build.0 = Release|Any CPU
		{E8615407-C361-47A7-A4D2-4ED8209A728E}.Debug|Any CPU.ActiveCfg = Debug|Any CPU
		{E8615407-C361-47A7-A4D2-4ED8209A728E}.Debug|Any CPU.Build.0 = Debug|Any CPU
		{E8615407-C361-47A7-A4D2-4ED8209A728E}.Debug|x64.ActiveCfg = Debug|Any CPU
		{E8615407-C361-47A7-A4D2-4ED8209A728E}.Debug|x64.Build.0 = Debug|Any CPU
		{E8615407-C361-47A7-A4D2-4ED8209A728E}.Debug|x86.ActiveCfg = Debug|Any CPU
		{E8615407-C361-47A7-A4D2-4ED8209A728E}.Debug|x86.Build.0 = Debug|Any CPU
		{E8615407-C361-47A7-A4D2-4ED8209A728E}.Release|Any CPU.ActiveCfg = Release|Any CPU
		{E8615407-C361-47A7-A4D2-4ED8209A728E}.Release|Any CPU.Build.0 = Release|Any CPU
		{E8615407-C361-47A7-A4D2-4ED8209A728E}.Release|x64.ActiveCfg = Release|Any CPU
		{E8615407-C361-47A7-A4D2-4ED8209A728E}.Release|x64.Build.0 = Release|Any CPU
		{E8615407-C361-47A7-A4D2-4ED8209A728E}.Release|x86.ActiveCfg = Release|Any CPU
		{E8615407-C361-47A7-A4D2-4ED8209A728E}.Release|x86.Build.0 = Release|Any CPU
	EndGlobalSection
	GlobalSection(SolutionProperties) = preSolution
		HideSolutionNode = FALSE
	EndGlobalSection
	GlobalSection(NestedProjects) = preSolution
		{45AF454B-4F1A-89EC-CF44-50490DC17515} = {8C8C186C-83DC-ECBC-707A-D920EEBF6757}
		{053EC9A0-73D0-44A1-8BFD-6FF9B33FF4E3} = {45AF454B-4F1A-89EC-CF44-50490DC17515}
		{C53EBD27-A9BF-4510-BB6A-7CB11010E30F} = {45AF454B-4F1A-89EC-CF44-50490DC17515}
		{AE02D7C1-A629-402B-8298-4BA780481607} = {45AF454B-4F1A-89EC-CF44-50490DC17515}
		{20FA6242-00C2-4880-89F7-71465070A827} = {45AF454B-4F1A-89EC-CF44-50490DC17515}
		{25B79587-CA81-41F4-B27A-04A4372E1B18} = {45AF454B-4F1A-89EC-CF44-50490DC17515}
		{199FBCF8-CE01-473C-BE71-8B7D880B5674} = {45AF454B-4F1A-89EC-CF44-50490DC17515}
		{DD9CF063-E142-41F7-9877-A81241BB5D19} = {45AF454B-4F1A-89EC-CF44-50490DC17515}
	EndGlobalSection
	GlobalSection(ExtensibilityGlobals) = postSolution
		SolutionGuid = {2FBC6801-A91B-49D5-8351-31F3B35333AA}
	EndGlobalSection
EndGlobal
