
Microsoft Visual Studio Solution File, Format Version 12.00
# Visual Studio Version 18
VisualStudioVersion = 18.4.11513.90
MinimumVisualStudioVersion = 10.0.40219.1
Project("{FAE04EC0-301F-11D3-BF4B-00C04F79EFBC}") = "AgentCore", "AgentCore\AgentCore.csproj", "{5A011AC0-7AB0-4559-A7D2-44CD2356BAEA}"
EndProject
Project("{FAE04EC0-301F-11D3-BF4B-00C04F79EFBC}") = "AgentCore.MEAI", "AgentCore.MEAI\AgentCore.MEAI.csproj", "{C3D4E5F6-7890-1234-BCDE-A12345678901}"
EndProject
Project("{2150E333-8FDC-42A3-9474-1A3956D46DE8}") = "Solution Items", "Solution Items", "{8EC462FD-D22E-90A8-E5CE-7E832BA40C5D}"
	ProjectSection(SolutionItems) = preProject
		Notes.txt = Notes.txt
	EndProjectSection
EndProject
Project("{FAE04EC0-301F-11D3-BF4B-00C04F79EFBC}") = "TestApp", "TestApp\TestApp.csproj", "{900C4078-D723-4ACF-A36E-3B91DFF648D2}"
EndProject
Project("{FAE04EC0-301F-11D3-BF4B-00C04F79EFBC}") = "AgentCore.MCP", "AgentCore.MCP\AgentCore.MCP.csproj", "{6ED330AC-F988-4D3E-B061-CAD33757E531}"
EndProject
Project("{FAE04EC0-301F-11D3-BF4B-00C04F79EFBC}") = "AgentCore.CodingAgent", "AgentCore.CodingAgent\AgentCore.CodingAgent.csproj", "{0A178583-C292-44A7-B4A9-FFC175EFA28F}"
EndProject
Project("{FAE04EC0-301F-11D3-BF4B-00C04F79EFBC}") = "AgentCore.Context", "AgentCore.Context\AgentCore.Context.csproj", "{6C9AAA48-07B2-484C-BB03-E3F500F3058A}"
EndProject
Project("{FAE04EC0-301F-11D3-BF4B-00C04F79EFBC}") = "AgentCore.Memory", "AgentCore.Memory\AgentCore.Memory.csproj", "{D095BA51-5630-492B-9EB9-05D9CDC8C1FA}"
EndProject
Global
	GlobalSection(SolutionConfigurationPlatforms) = preSolution
		Debug|Any CPU = Debug|Any CPU
		Debug|x64 = Debug|x64
		Debug|x86 = Debug|x86
		Release|Any CPU = Release|Any CPU
		Release|x64 = Release|x64
		Release|x86 = Release|x86
	EndGlobalSection
	GlobalSection(ProjectConfigurationPlatforms) = postSolution
		{5A011AC0-7AB0-4559-A7D2-44CD2356BAEA}.Debug|Any CPU.ActiveCfg = Debug|Any CPU
		{5A011AC0-7AB0-4559-A7D2-44CD2356BAEA}.Debug|Any CPU.Build.0 = Debug|Any CPU
		{5A011AC0-7AB0-4559-A7D2-44CD2356BAEA}.Debug|x64.ActiveCfg = Debug|Any CPU
		{5A011AC0-7AB0-4559-A7D2-44CD2356BAEA}.Debug|x64.Build.0 = Debug|Any CPU
		{5A011AC0-7AB0-4559-A7D2-44CD2356BAEA}.Debug|x86.ActiveCfg = Debug|Any CPU
		{5A011AC0-7AB0-4559-A7D2-44CD2356BAEA}.Debug|x86.Build.0 = Debug|Any CPU
		{5A011AC0-7AB0-4559-A7D2-44CD2356BAEA}.Release|Any CPU.ActiveCfg = Release|Any CPU
		{5A011AC0-7AB0-4559-A7D2-44CD2356BAEA}.Release|Any CPU.Build.0 = Release|Any CPU
		{5A011AC0-7AB0-4559-A7D2-44CD2356BAEA}.Release|x64.ActiveCfg = Release|Any CPU
		{5A011AC0-7AB0-4559-A7D2-44CD2356BAEA}.Release|x64.Build.0 = Release|Any CPU
		{5A011AC0-7AB0-4559-A7D2-44CD2356BAEA}.Release|x86.ActiveCfg = Release|Any CPU
		{5A011AC0-7AB0-4559-A7D2-44CD2356BAEA}.Release|x86.Build.0 = Release|Any CPU
		{C3D4E5F6-7890-1234-BCDE-A12345678901}.Debug|Any CPU.ActiveCfg = Debug|Any CPU
		{C3D4E5F6-7890-1234-BCDE-A12345678901}.Debug|Any CPU.Build.0 = Debug|Any CPU
		{C3D4E5F6-7890-1234-BCDE-A12345678901}.Debug|x64.ActiveCfg = Debug|Any CPU
		{C3D4E5F6-7890-1234-BCDE-A12345678901}.Debug|x64.Build.0 = Debug|Any CPU
		{C3D4E5F6-7890-1234-BCDE-A12345678901}.Debug|x86.ActiveCfg = Debug|Any CPU
		{C3D4E5F6-7890-1234-BCDE-A12345678901}.Debug|x86.Build.0 = Debug|Any CPU
		{C3D4E5F6-7890-1234-BCDE-A12345678901}.Release|Any CPU.ActiveCfg = Release|Any CPU
		{C3D4E5F6-7890-1234-BCDE-A12345678901}.Release|Any CPU.Build.0 = Release|Any CPU
		{C3D4E5F6-7890-1234-BCDE-A12345678901}.Release|x64.ActiveCfg = Release|Any CPU
		{C3D4E5F6-7890-1234-BCDE-A12345678901}.Release|x64.Build.0 = Release|Any CPU
		{C3D4E5F6-7890-1234-BCDE-A12345678901}.Release|x86.ActiveCfg = Release|Any CPU
		{C3D4E5F6-7890-1234-BCDE-A12345678901}.Release|x86.Build.0 = Release|Any CPU
		{900C4078-D723-4ACF-A36E-3B91DFF648D2}.Debug|Any CPU.ActiveCfg = Debug|Any CPU
		{900C4078-D723-4ACF-A36E-3B91DFF648D2}.Debug|Any CPU.Build.0 = Debug|Any CPU
		{900C4078-D723-4ACF-A36E-3B91DFF648D2}.Debug|x64.ActiveCfg = Debug|Any CPU
		{900C4078-D723-4ACF-A36E-3B91DFF648D2}.Debug|x64.Build.0 = Debug|Any CPU
		{900C4078-D723-4ACF-A36E-3B91DFF648D2}.Debug|x86.ActiveCfg = Debug|Any CPU
		{900C4078-D723-4ACF-A36E-3B91DFF648D2}.Debug|x86.Build.0 = Debug|Any CPU
		{900C4078-D723-4ACF-A36E-3B91DFF648D2}.Release|Any CPU.ActiveCfg = Release|Any CPU
		{900C4078-D723-4ACF-A36E-3B91DFF648D2}.Release|Any CPU.Build.0 = Release|Any CPU
		{900C4078-D723-4ACF-A36E-3B91DFF648D2}.Release|x64.ActiveCfg = Release|Any CPU
		{900C4078-D723-4ACF-A36E-3B91DFF648D2}.Release|x64.Build.0 = Release|Any CPU
		{900C4078-D723-4ACF-A36E-3B91DFF648D2}.Release|x86.ActiveCfg = Release|Any CPU
		{900C4078-D723-4ACF-A36E-3B91DFF648D2}.Release|x86.Build.0 = Release|Any CPU
		{6ED330AC-F988-4D3E-B061-CAD33757E531}.Debug|Any CPU.ActiveCfg = Debug|Any CPU
		{6ED330AC-F988-4D3E-B061-CAD33757E531}.Debug|Any CPU.Build.0 = Debug|Any CPU
		{6ED330AC-F988-4D3E-B061-CAD33757E531}.Debug|x64.ActiveCfg = Debug|Any CPU
		{6ED330AC-F988-4D3E-B061-CAD33757E531}.Debug|x64.Build.0 = Debug|Any CPU
		{6ED330AC-F988-4D3E-B061-CAD33757E531}.Debug|x86.ActiveCfg = Debug|Any CPU
		{6ED330AC-F988-4D3E-B061-CAD33757E531}.Debug|x86.Build.0 = Debug|Any CPU
		{6ED330AC-F988-4D3E-B061-CAD33757E531}.Release|Any CPU.ActiveCfg = Release|Any CPU
		{6ED330AC-F988-4D3E-B061-CAD33757E531}.Release|Any CPU.Build.0 = Release|Any CPU
		{6ED330AC-F988-4D3E-B061-CAD33757E531}.Release|x64.ActiveCfg = Release|Any CPU
		{6ED330AC-F988-4D3E-B061-CAD33757E531}.Release|x64.Build.0 = Release|Any CPU
		{6ED330AC-F988-4D3E-B061-CAD33757E531}.Release|x86.ActiveCfg = Release|Any CPU
		{6ED330AC-F988-4D3E-B061-CAD33757E531}.Release|x86.Build.0 = Release|Any CPU
		{0A178583-C292-44A7-B4A9-FFC175EFA28F}.Debug|Any CPU.ActiveCfg = Debug|Any CPU
		{0A178583-C292-44A7-B4A9-FFC175EFA28F}.Debug|Any CPU.Build.0 = Debug|Any CPU
		{0A178583-C292-44A7-B4A9-FFC175EFA28F}.Debug|x64.ActiveCfg = Debug|Any CPU
		{0A178583-C292-44A7-B4A9-FFC175EFA28F}.Debug|x64.Build.0 = Debug|Any CPU
		{0A178583-C292-44A7-B4A9-FFC175EFA28F}.Debug|x86.ActiveCfg = Debug|Any CPU
		{0A178583-C292-44A7-B4A9-FFC175EFA28F}.Debug|x86.Build.0 = Debug|Any CPU
		{0A178583-C292-44A7-B4A9-FFC175EFA28F}.Release|Any CPU.ActiveCfg = Release|Any CPU
		{0A178583-C292-44A7-B4A9-FFC175EFA28F}.Release|Any CPU.Build.0 = Release|Any CPU
		{0A178583-C292-44A7-B4A9-FFC175EFA28F}.Release|x64.ActiveCfg = Release|Any CPU
		{0A178583-C292-44A7-B4A9-FFC175EFA28F}.Release|x64.Build.0 = Release|Any CPU
		{0A178583-C292-44A7-B4A9-FFC175EFA28F}.Release|x86.ActiveCfg = Release|Any CPU
		{0A178583-C292-44A7-B4A9-FFC175EFA28F}.Release|x86.Build.0 = Release|Any CPU
		{6C9AAA48-07B2-484C-BB03-E3F500F3058A}.Debug|Any CPU.ActiveCfg = Debug|Any CPU
		{6C9AAA48-07B2-484C-BB03-E3F500F3058A}.Debug|Any CPU.Build.0 = Debug|Any CPU
		{6C9AAA48-07B2-484C-BB03-E3F500F3058A}.Debug|x64.ActiveCfg = Debug|Any CPU
		{6C9AAA48-07B2-484C-BB03-E3F500F3058A}.Debug|x64.Build.0 = Debug|Any CPU
		{6C9AAA48-07B2-484C-BB03-E3F500F3058A}.Debug|x86.ActiveCfg = Debug|Any CPU
		{6C9AAA48-07B2-484C-BB03-E3F500F3058A}.Debug|x86.Build.0 = Debug|Any CPU
		{6C9AAA48-07B2-484C-BB03-E3F500F3058A}.Release|Any CPU.ActiveCfg = Release|Any CPU
		{6C9AAA48-07B2-484C-BB03-E3F500F3058A}.Release|Any CPU.Build.0 = Release|Any CPU
		{6C9AAA48-07B2-484C-BB03-E3F500F3058A}.Release|x64.ActiveCfg = Release|Any CPU
		{6C9AAA48-07B2-484C-BB03-E3F500F3058A}.Release|x64.Build.0 = Release|Any CPU
		{6C9AAA48-07B2-484C-BB03-E3F500F3058A}.Release|x86.ActiveCfg = Release|Any CPU
		{6C9AAA48-07B2-484C-BB03-E3F500F3058A}.Release|x86.Build.0 = Release|Any CPU
		{D095BA51-5630-492B-9EB9-05D9CDC8C1FA}.Debug|Any CPU.ActiveCfg = Debug|Any CPU
		{D095BA51-5630-492B-9EB9-05D9CDC8C1FA}.Debug|Any CPU.Build.0 = Debug|Any CPU
		{D095BA51-5630-492B-9EB9-05D9CDC8C1FA}.Debug|x64.ActiveCfg = Debug|Any CPU
		{D095BA51-5630-492B-9EB9-05D9CDC8C1FA}.Debug|x64.Build.0 = Debug|Any CPU
		{D095BA51-5630-492B-9EB9-05D9CDC8C1FA}.Debug|x86.ActiveCfg = Debug|Any CPU
		{D095BA51-5630-492B-9EB9-05D9CDC8C1FA}.Debug|x86.Build.0 = Debug|Any CPU
		{D095BA51-5630-492B-9EB9-05D9CDC8C1FA}.Release|Any CPU.ActiveCfg = Release|Any CPU
		{D095BA51-5630-492B-9EB9-05D9CDC8C1FA}.Release|Any CPU.Build.0 = Release|Any CPU
		{D095BA51-5630-492B-9EB9-05D9CDC8C1FA}.Release|x64.ActiveCfg = Release|Any CPU
		{D095BA51-5630-492B-9EB9-05D9CDC8C1FA}.Release|x64.Build.0 = Release|Any CPU
		{D095BA51-5630-492B-9EB9-05D9CDC8C1FA}.Release|x86.ActiveCfg = Release|Any CPU
		{D095BA51-5630-492B-9EB9-05D9CDC8C1FA}.Release|x86.Build.0 = Release|Any CPU
	EndGlobalSection
	GlobalSection(SolutionProperties) = preSolution
		HideSolutionNode = FALSE
	EndGlobalSection
	GlobalSection(ExtensibilityGlobals) = postSolution
		SolutionGuid = {2FBC6801-A91B-49D5-8351-31F3B35333AA}
	EndGlobalSection
EndGlobal
